// !$*UTF8*$!
{
	archiveVersion = 1;
	classes = {
	};
	objectVersion = 50;
	objects = {

/* Begin PBXBuildFile section */
		299526B92442AA5400EE9DEC /* AppDelegate.swift in Sources */ = {isa = PBXBuildFile; fileRef = 299526B82442AA5400EE9DEC /* AppDelegate.swift */; };
		299526BB2442AA5400EE9DEC /* SceneDelegate.swift in Sources */ = {isa = PBXBuildFile; fileRef = 299526BA2442AA5400EE9DEC /* SceneDelegate.swift */; };
		299526BD2442AA5400EE9DEC /* ContentView.swift in Sources */ = {isa = PBXBuildFile; fileRef = 299526BC2442AA5400EE9DEC /* ContentView.swift */; };
		299526BF2442AA5500EE9DEC /* Assets.xcassets in Resources */ = {isa = PBXBuildFile; fileRef = 299526BE2442AA5500EE9DEC /* Assets.xcassets */; };
		299526C22442AA5500EE9DEC /* Preview Assets.xcassets in Resources */ = {isa = PBXBuildFile; fileRef = 299526C12442AA5500EE9DEC /* Preview Assets.xcassets */; };
		299526C52442AA5500EE9DEC /* LaunchScreen.storyboard in Resources */ = {isa = PBXBuildFile; fileRef = 299526C32442AA5500EE9DEC /* LaunchScreen.storyboard */; };
		299526CE2442BE7C00EE9DEC /* Weather.swift in Sources */ = {isa = PBXBuildFile; fileRef = 299526CD2442BE7C00EE9DEC /* Weather.swift */; };
		299526D12442D45400EE9DEC /* WeatherService.swift in Sources */ = {isa = PBXBuildFile; fileRef = 299526D02442D45400EE9DEC /* WeatherService.swift */; };
		299526D42442DED800EE9DEC /* WeatherViewModel.swift in Sources */ = {isa = PBXBuildFile; fileRef = 299526D32442DED800EE9DEC /* WeatherViewModel.swift */; };
/* End PBXBuildFile section */

/* Begin PBXFileReference section */
		299526B52442AA5400EE9DEC /* Weather App.app */ = {isa = PBXFileReference; explicitFileType = wrapper.application; includeInIndex = 0; path = "Weather App.app"; sourceTree = BUILT_PRODUCTS_DIR; };
		299526B82442AA5400EE9DEC /* AppDelegate.swift */ = {isa = PBXFileReference; lastKnownFileType = sourcecode.swift; path = AppDelegate.swift; sourceTree = "<group>"; };
		299526BA2442AA5400EE9DEC /* SceneDelegate.swift */ = {isa = PBXFileReference; lastKnownFileType = sourcecode.swift; path = SceneDelegate.swift; sourceTree = "<group>"; };
		299526BC2442AA5400EE9DEC /* ContentView.swift */ = {isa = PBXFileReference; lastKnownFileType = sourcecode.swift; path = ContentView.swift; sourceTree = "<group>"; };
		299526BE2442AA5500EE9DEC /* Assets.xcassets */ = {isa = PBXFileReference; lastKnownFileType = folder.assetcatalog; path = Assets.xcassets; sourceTree = "<group>"; };
		299526C12442AA5500EE9DEC /* Preview Assets.xcassets */ = {isa = PBXFileReference; lastKnownFileType = folder.assetcatalog; path = "Preview Assets.xcassets"; sourceTree = "<group>"; };
		299526C42442AA5500EE9DEC /* Base */ = {isa = PBXFileReference; lastKnownFileType = file.storyboard; name = Base; path = Base.lproj/LaunchScreen.storyboard; sourceTree = "<group>"; };
		299526C62442AA5500EE9DEC /* Info.plist */ = {isa = PBXFileReference; lastKnownFileType = text.plist.xml; path = Info.plist; sourceTree = "<group>"; };
		299526CD2442BE7C00EE9DEC /* Weather.swift */ = {isa = PBXFileReference; lastKnownFileType = sourcecode.swift; path = Weather.swift; sourceTree = "<group>"; };
		299526D02442D45400EE9DEC /* WeatherService.swift */ = {isa = PBXFileReference; lastKnownFileType = sourcecode.swift; path = WeatherService.swift; sourceTree = "<group>"; };
		299526D32442DED800EE9DEC /* WeatherViewModel.swift */ = {isa = PBXFileReference; lastKnownFileType = sourcecode.swift; path = WeatherViewModel.swift; sourceTree = "<group>"; };
/* End PBXFileReference section */

/* Begin PBXFrameworksBuildPhase section */
		299526B22442AA5400EE9DEC /* Frameworks */ = {
			isa = PBXFrameworksBuildPhase;
			buildActionMask = 2147483647;
			files = (
			);
			runOnlyForDeploymentPostprocessing = 0;
		};
/* End PBXFrameworksBuildPhase section */

/* Begin PBXGroup section */
		299526AC2442AA5400EE9DEC = {
			isa = PBXGroup;
			children = (
				299526B72442AA5400EE9DEC /* Weather App */,
				299526B62442AA5400EE9DEC /* Products */,
			);
			sourceTree = "<group>";
		};
		299526B62442AA5400EE9DEC /* Products */ = {
			isa = PBXGroup;
			children = (
				299526B52442AA5400EE9DEC /* Weather App.app */,
			);
			name = Products;
			sourceTree = "<group>";
		};
		299526B72442AA5400EE9DEC /* Weather App */ = {
			isa = PBXGroup;
			children = (
				299526D22442DEB300EE9DEC /* View Models */,
				299526CF2442D44000EE9DEC /* Service */,
				299526CC2442BE6900EE9DEC /* Models */,
				299526B82442AA5400EE9DEC /* AppDelegate.swift */,
				299526BA2442AA5400EE9DEC /* SceneDelegate.swift */,
				299526BC2442AA5400EE9DEC /* ContentView.swift */,
				299526BE2442AA5500EE9DEC /* Assets.xcassets */,
				299526C32442AA5500EE9DEC /* LaunchScreen.storyboard */,
				299526C62442AA5500EE9DEC /* Info.plist */,
				299526C02442AA5500EE9DEC /* Preview Content */,
			);
			path = "Weather App";
			sourceTree = "<group>";
		};
		299526C02442AA5500EE9DEC /* Preview Content */ = {
			isa = PBXGroup;
			children = (
				299526C12442AA5500EE9DEC /* Preview Assets.xcassets */,
			);
			path = "Preview Content";
			sourceTree = "<group>";
		};
		299526CC2442BE6900EE9DEC /* Models */ = {
			isa = PBXGroup;
			children = (
				299526CD2442BE7C00EE9DEC /* Weather.swift */,
			);
			path = Models;
			sourceTree = "<group>";
		};
		299526CF2442D44000EE9DEC /* Service */ = {
			isa = PBXGroup;
			children = (
				299526D02442D45400EE9DEC /* WeatherService.swift */,
			);
			path = Service;
			sourceTree = "<group>";
		};
		299526D22442DEB300EE9DEC /* View Models */ = {
			isa = PBXGroup;
			children = (
				299526D32442DED800EE9DEC /* WeatherViewModel.swift */,
			);
			path = "View Models";
			sourceTree = "<group>";
		};
/* End PBXGroup section */

/* Begin PBXNativeTarget section */
		299526B42442AA5400EE9DEC /* Weather App */ = {
			isa = PBXNativeTarget;
			buildConfigurationList = 299526C92442AA5500EE9DEC /* Build configuration list for PBXNativeTarget "Weather App" */;
			buildPhases = (
				299526B12442AA5400EE9DEC /* Sources */,
				299526B22442AA5400EE9DEC /* Frameworks */,
				299526B32442AA5400EE9DEC /* Resources */,
			);
			buildRules = (
			);
			dependencies = (
			);
			name = "Weather App";
			productName = "Weather App";
			productReference = 299526B52442AA5400EE9DEC /* Weather App.app */;
			productType = "com.apple.product-type.application";
		};
/* End PBXNativeTarget section */

/* Begin PBXProject section */
		299526AD2442AA5400EE9DEC /* Project object */ = {
			isa = PBXProject;
			attributes = {
				LastSwiftUpdateCheck = 1140;
				LastUpgradeCheck = 1140;
				ORGANIZATIONNAME = "Lin Ting Chieh";
				TargetAttributes = {
					299526B42442AA5400EE9DEC = {
						CreatedOnToolsVersion = 11.4;
					};
				};
			};
			buildConfigurationList = 299526B02442AA5400EE9DEC /* Build configuration list for PBXProject "Weather App" */;
			compatibilityVersion = "Xcode 9.3";
			developmentRegion = en;
			hasScannedForEncodings = 0;
			knownRegions = (
				en,
				Base,
			);
			mainGroup = 299526AC2442AA5400EE9DEC;
			productRefGroup = 299526B62442AA5400EE9DEC /* Products */;
			projectDirPath = "";
			projectRoot = "";
			targets = (
				299526B42442AA5400EE9DEC /* Weather App */,
			);
		};
/* End PBXProject section */

/* Begin PBXResourcesBuildPhase section */
		299526B32442AA5400EE9DEC /* Resources */ = {
			isa = PBXResourcesBuildPhase;
			buildActionMask = 2147483647;
			files = (
				299526C52442AA5500EE9DEC /* LaunchScreen.storyboard in Resources */,
				299526C22442AA5500EE9DEC /* Preview Assets.xcassets in Resources */,
				299526BF2442AA5500EE9DEC /* Assets.xcassets in Resources */,
			);
			runOnlyForDeploymentPostprocessing = 0;
		};
/* End PBXResourcesBuildPhase section */

/* Begin PBXSourcesBuildPhase section */
		299526B12442AA5400EE9DEC /* Sources */ = {
			isa = PBXSourcesBuildPhase;
			buildActionMask = 2147483647;
			files = (
				299526D12442D45400EE9DEC /* WeatherService.swift in Sources */,
				299526D42442DED800EE9DEC /* WeatherViewModel.swift in Sources */,
				299526CE2442BE7C00EE9DEC /* Weather.swift in Sources */,
				299526B92442AA5400EE9DEC /* AppDelegate.swift in Sources */,
				299526BB2442AA5400EE9DEC /* SceneDelegate.swift in Sources */,
				299526BD2442AA5400EE9DEC /* ContentView.swift in Sources */,
			);
			runOnlyForDeploymentPostprocessing = 0;
		};
/* End PBXSourcesBuildPhase section */

/* Begin PBXVariantGroup section */
		299526C32442AA5500EE9DEC /* LaunchScreen.storyboard */ = {
			isa = PBXVariantGroup;
			children = (
				299526C42442AA5500EE9DEC /* Base */,
			);
			name = LaunchScreen.storyboard;
			sourceTree = "<group>";
		};
/* End PBXVariantGroup section */

/* Begin XCBuildConfiguration section */
		299526C72442AA5500EE9DEC /* Debug */ = {
			isa = XCBuildConfiguration;
			buildSettings = {
				ALWAYS_SEARCH_USER_PATHS = NO;
				CLANG_ANALYZER_NONNULL = YES;
				CLANG_ANALYZER_NUMBER_OBJECT_CONVERSION = YES_AGGRESSIVE;
				CLANG_CXX_LANGUAGE_STANDARD = "gnu++14";
				CLANG_CXX_LIBRARY = "libc++";
				CLANG_ENABLE_MODULES = YES;
				CLANG_ENABLE_OBJC_ARC = YES;
				CLANG_ENABLE_OBJC_WEAK = YES;
				CLANG_WARN_BLOCK_CAPTURE_AUTORELEASING = YES;
				CLANG_WARN_BOOL_CONVERSION = YES;
				CLANG_WARN_COMMA = YES;
				CLANG_WARN_CONSTANT_CONVERSION = YES;
				CLANG_WARN_DEPRECATED_OBJC_IMPLEMENTATIONS = YES;
				CLANG_WARN_DIRECT_OBJC_ISA_USAGE = YES_ERROR;
				CLANG_WARN_DOCUMENTATION_COMMENTS = YES;
				CLANG_WARN_EMPTY_BODY = YES;
				CLANG_WARN_ENUM_CONVERSION = YES;
				CLANG_WARN_INFINITE_RECURSION = YES;
				CLANG_WARN_INT_CONVERSION = YES;
				CLANG_WARN_NON_LITERAL_NULL_CONVERSION = YES;
				CLANG_WARN_OBJC_IMPLICIT_RETAIN_SELF = YES;
				CLANG_WARN_OBJC_LITERAL_CONVERSION = YES;
				CLANG_WARN_OBJC_ROOT_CLASS = YES_ERROR;
				CLANG_WARN_RANGE_LOOP_ANALYSIS = YES;
				CLANG_WARN_STRICT_PROTOTYPES = YES;
				CLANG_WARN_SUSPICIOUS_MOVE = YES;
				CLANG_WARN_UNGUARDED_AVAILABILITY = YES_AGGRESSIVE;
				CLANG_WARN_UNREACHABLE_CODE = YES;
				CLANG_WARN__DUPLICATE_METHOD_MATCH = YES;
				COPY_PHASE_STRIP = NO;
				DEBUG_INFORMATION_FORMAT = dwarf;
				ENABLE_STRICT_OBJC_MSGSEND = YES;
				ENABLE_TESTABILITY = YES;
				GCC_C_LANGUAGE_STANDARD = gnu11;
				GCC_DYNAMIC_NO_PIC = NO;
				GCC_NO_COMMON_BLOCKS = YES;
				GCC_OPTIMIZATION_LEVEL = 0;
				GCC_PREPROCESSOR_DEFINITIONS = (
					"DEBUG=1",
					"$(inherited)",
				);
				GCC_WARN_64_TO_32_BIT_CONVERSION = YES;
				GCC_WARN_ABOUT_RETURN_TYPE = YES_ERROR;
				GCC_WARN_UNDECLARED_SELECTOR = YES;
				GCC_WARN_UNINITIALIZED_AUTOS = YES_AGGRESSIVE;
				GCC_WARN_UNUSED_FUNCTION = YES;
				GCC_WARN_UNUSED_VARIABLE = YES;
				IPHONEOS_DEPLOYMENT_TARGET = 13.4;
				MTL_ENABLE_DEBUG_INFO = INCLUDE_SOURCE;
				MTL_FAST_MATH = YES;
				ONLY_ACTIVE_ARCH = YES;
				SDKROOT = iphoneos;
				SWIFT_ACTIVE_COMPILATION_CONDITIONS = DEBUG;
				SWIFT_OPTIMIZATION_LEVEL = "-Onone";
			};
			name = Debug;
		};
		299526C82442AA5500EE9DEC /* Release */ = {
			isa = XCBuildConfiguration;
			buildSettings = {
				ALWAYS_SEARCH_USER_PATHS = NO;
				CLANG_ANALYZER_NONNULL = YES;
				CLANG_ANALYZER_NUMBER_OBJECT_CONVERSION = YES_AGGRESSIVE;
				CLANG_CXX_LANGUAGE_STANDARD = "gnu++14";
				CLANG_CXX_LIBRARY = "libc++";
				CLANG_ENABLE_MODULES = YES;
				CLANG_ENABLE_OBJC_ARC = YES;
				CLANG_ENABLE_OBJC_WEAK = YES;
				CLANG_WARN_BLOCK_CAPTURE_AUTORELEASING = YES;
				CLANG_WARN_BOOL_CONVERSION = YES;
				CLANG_WARN_COMMA = YES;
				CLANG_WARN_CONSTANT_CONVERSION = YES;
				CLANG_WARN_DEPRECATED_OBJC_IMPLEMENTATIONS = YES;
				CLANG_WARN_DIRECT_OBJC_ISA_USAGE = YES_ERROR;
				CLANG_WARN_DOCUMENTATION_COMMENTS = YES;
				CLANG_WARN_EMPTY_BODY = YES;
				CLANG_WARN_ENUM_CONVERSION = YES;
				CLANG_WARN_INFINITE_RECURSION = YES;
				CLANG_WARN_INT_CONVERSION = YES;
				CLANG_WARN_NON_LITERAL_NULL_CONVERSION = YES;
				CLANG_WARN_OBJC_IMPLICIT_RETAIN_SELF = YES;
				CLANG_WARN_OBJC_LITERAL_CONVERSION = YES;
				CLANG_WARN_OBJC_ROOT_CLASS = YES_ERROR;
				CLANG_WARN_RANGE_LOOP_ANALYSIS = YES;
				CLANG_WARN_STRICT_PROTOTYPES = YES;
				CLANG_WARN_SUSPICIOUS_MOVE = YES;
				CLANG_WARN_UNGUARDED_AVAILABILITY = YES_AGGRESSIVE;
				CLANG_WARN_UNREACHABLE_CODE = YES;
				CLANG_WARN__DUPLICATE_METHOD_MATCH = YES;
				COPY_PHASE_STRIP = NO;
				DEBUG_INFORMATION_FORMAT = "dwarf-with-dsym";
				ENABLE_NS_ASSERTIONS = NO;
				ENABLE_STRICT_OBJC_MSGSEND = YES;
				GCC_C_LANGUAGE_STANDARD = gnu11;
				GCC_NO_COMMON_BLOCKS = YES;
				GCC_WARN_64_TO_32_BIT_CONVERSION = YES;
				GCC_WARN_ABOUT_RETURN_TYPE = YES_ERROR;
				GCC_WARN_UNDECLARED_SELECTOR = YES;
				GCC_WARN_UNINITIALIZED_AUTOS = YES_AGGRESSIVE;
				GCC_WARN_UNUSED_FUNCTION = YES;
				GCC_WARN_UNUSED_VARIABLE = YES;
				IPHONEOS_DEPLOYMENT_TARGET = 13.4;
				MTL_ENABLE_DEBUG_INFO = NO;
				MTL_FAST_MATH = YES;
				SDKROOT = iphoneos;
				SWIFT_COMPILATION_MODE = wholemodule;
				SWIFT_OPTIMIZATION_LEVEL = "-O";
				VALIDATE_PRODUCT = YES;
			};
			name = Release;
		};
		299526CA2442AA5500EE9DEC /* Debug */ = {
			isa = XCBuildConfiguration;
			buildSettings = {
				ASSETCATALOG_COMPILER_APPICON_NAME = AppIcon;
				CODE_SIGN_STYLE = Automatic;
				DEVELOPMENT_ASSET_PATHS = "\"Weather App/Preview Content\"";
				DEVELOPMENT_TEAM = DZMQ58K6Z2;
				ENABLE_PREVIEWS = YES;
				INFOPLIST_FILE = "Weather App/Info.plist";
				LD_RUNPATH_SEARCH_PATHS = (
					"$(inherited)",
					"@executable_path/Frameworks",
				);
				PRODUCT_BUNDLE_IDENTIFIER = "tingchiehlin.com.Weather-App";
				PRODUCT_NAME = "$(TARGET_NAME)";
				SWIFT_VERSION = 5.0;
				TARGETED_DEVICE_FAMILY = "1,2";
			};
			name = Debug;
		};
		299526CB2442AA5500EE9DEC /* Release */ = {
			isa = XCBuildConfiguration;
			buildSettings = {
				ASSETCATALOG_COMPILER_APPICON_NAME = AppIcon;
				CODE_SIGN_STYLE = Automatic;
				DEVELOPMENT_ASSET_PATHS = "\"Weather App/Preview Content\"";
				DEVELOPMENT_TEAM = DZMQ58K6Z2;
				ENABLE_PREVIEWS = YES;
				INFOPLIST_FILE = "Weather App/Info.plist";
				LD_RUNPATH_SEARCH_PATHS = (
					"$(inherited)",
					"@executable_path/Frameworks",
				);
				PRODUCT_BUNDLE_IDENTIFIER = "tingchiehlin.com.Weather-App";
				PRODUCT_NAME = "$(TARGET_NAME)";
				SWIFT_VERSION = 5.0;
				TARGETED_DEVICE_FAMILY = "1,2";
			};
			name = Release;
		};
/* End XCBuildConfiguration section */

/* Begin XCConfigurationList section */
		299526B02442AA5400EE9DEC /* Build configuration list for PBXProject "Weather App" */ = {
			isa = XCConfigurationList;
			buildConfigurations = (
				299526C72442AA5500EE9DEC /* Debug */,
				299526C82442AA5500EE9DEC /* Release */,
			);
			defaultConfigurationIsVisible = 0;
			defaultConfigurationName = Release;
		};
		299526C92442AA5500EE9DEC /* Build configuration list for PBXNativeTarget "Weather App" */ = {
			isa = XCConfigurationList;
			buildConfigurations = (
				299526CA2442AA5500EE9DEC /* Debug */,
				299526CB2442AA5500EE9DEC /* Release */,
			);
			defaultConfigurationIsVisible = 0;
			defaultConfigurationName = Release;
		};
/* End XCConfigurationList section */
	};
	rootObject = 299526AD2442AA5400EE9DEC /* Project object */;
}
